
Microsoft Visual Studio Solution File, Format Version 12.00
# Visual Studio Version 16
VisualStudioVersion = 16.0.32002.261
MinimumVisualStudioVersion = 10.0.40219.1
Project("{2150E333-8FDC-42A3-9474-1A3956D46DE8}") = "SCCM", "SCCM", "{FCE051A0-8BB0-4D67-A4AA-41D8332AAD97}"
EndProject
Project("{2150E333-8FDC-42A3-9474-1A3956D46DE8}") = "Extensao", "Extensao", "{3CCD3857-59CA-412C-AD58-3BF5C29940AA}"
EndProject
Project("{FAE04EC0-301F-11D3-BF4B-00C04F79EFBC}") = "SCCM.Dominio.WMI", "SCCM\SCCM.Dominio.WMI\SCCM.Dominio.WMI.csproj", "{2342FC3E-2267-4AEB-831E-FF1A0052B866}"
EndProject
Project("{FAE04EC0-301F-11D3-BF4B-00C04F79EFBC}") = "SCCM.Dominio.Model", "SCCM\SCCM.Dominio.Model\SCCM.Dominio.Model.csproj", "{43025B45-3386-44CB-9A51-D5A0B638F97C}"
EndProject
Project("{FAE04EC0-301F-11D3-BF4B-00C04F79EFBC}") = "SCCM.Infraestrutura", "SCCM\SCCM.Infraestrutura\SCCM.Infraestrutura.csproj", "{D97F2057-CAE8-42AD-AF47-43273E86C394}"
EndProject
Project("{FAE04EC0-301F-11D3-BF4B-00C04F79EFBC}") = "SCCM.Parse.Powershell", "SCCM\Extensao\SCCM.Parse.Powershell\SCCM.Parse.Powershell.csproj", "{C30D133E-92DC-425A-86E5-D6DF34152645}"
EndProject
Project("{FAE04EC0-301F-11D3-BF4B-00C04F79EFBC}") = "SCCM.Parse.Net", "SCCM\Extensao\SCCM.Parse.Net\SCCM.Parse.Net.csproj", "{28C23C0B-266D-47AD-B1EC-5FE28E20BC01}"
EndProject
Project("{FAE04EC0-301F-11D3-BF4B-00C04F79EFBC}") = "SCCM.Helper", "SCCM\Extensao\SCCM.Helper\SCCM.Helper.csproj", "{09692903-70FE-4691-8DE5-22A7B7027A31}"
EndProject
Project("{FAE04EC0-301F-11D3-BF4B-00C04F79EFBC}") = "SCCM.GeradorModel", "SCCM\Extensao\SCCM.GeradorModel\SCCM.GeradorModel.csproj", "{E8997694-E0E5-40E1-BCDC-228900C851A1}"
EndProject
Project("{FAE04EC0-301F-11D3-BF4B-00C04F79EFBC}") = "SCCM.Dominio.Comum", "SCCM\SCCM.Dominio.Comum\SCCM.Dominio.Comum.csproj", "{5E9A1EDE-4D98-4F1E-8E29-D8FE8227001A}"
EndProject
Project("{FAE04EC0-301F-11D3-BF4B-00C04F79EFBC}") = "SCCM.Powershell", "SCCM\SCCM.Powershell\SCCM.Powershell.csproj", "{7B4C1DF3-5871-4353-8E20-1AF87BF2EF35}"
EndProject
Project("{FAE04EC0-301F-11D3-BF4B-00C04F79EFBC}") = "SCCM.Testes", "SCCM\SCCM.Testes\SCCM.Testes.csproj", "{8B4C58B7-BE77-49F8-8E45-490E4DABA8CF}"
EndProject
Project("{2150E333-8FDC-42A3-9474-1A3956D46DE8}") = "AD", "AD", "{DA3369F6-1F41-4804-86DA-5DBFBBE23B63}"
EndProject
Project("{FAE04EC0-301F-11D3-BF4B-00C04F79EFBC}") = "AD.Infraestrutura", "AD\AD.Infraestrutura\AD.Infraestrutura.csproj", "{82BF3DAC-4574-4E13-97A6-229C31915BB2}"
EndProject
Project("{FAE04EC0-301F-11D3-BF4B-00C04F79EFBC}") = "Helper", "Helper\Helper.csproj", "{23A2E3C3-1E28-4C08-9685-828074D56CC2}"
EndProject
Project("{FAE04EC0-301F-11D3-BF4B-00C04F79EFBC}") = "AD.Negocio", "AD\AD.Negocio\AD.Negocio.csproj", "{C6489027-44B9-4217-9B7E-214046631A3B}"
EndProject
Project("{FAE04EC0-301F-11D3-BF4B-00C04F79EFBC}") = "AD.Testes", "AD\AD.Testes\AD.Testes.csproj", "{848B7D86-8246-40C6-BE83-68582E5B6013}"
EndProject
Project("{FAE04EC0-301F-11D3-BF4B-00C04F79EFBC}") = "AD.Dominio", "AD\AD.Dominio\AD.Dominio.csproj", "{7D550CFF-FD54-4409-801B-FABADABA1D5A}"
EndProject
Project("{2150E333-8FDC-42A3-9474-1A3956D46DE8}") = "Servicos", "Servicos", "{31567C58-8FF5-4725-8191-F35B894B7778}"
EndProject
Project("{54435603-DBB4-11D2-8724-00A0C9A8B90C}") = "SCCM.Setup.TriggerForce", "SCCM\Servicos\SCCM.Setup.TriggerForce\SCCM.Setup.TriggerForce.vdproj", "{3CED7667-99A4-4955-8EDA-56D6136EFF1D}"
EndProject
Project("{FAE04EC0-301F-11D3-BF4B-00C04F79EFBC}") = "SCCM.WindowsService.TriggerForce", "SCCM\Servicos\SCCM.WindowsService.TriggerForce\SCCM.WindowsService.TriggerForce.csproj", "{3FD5A8F1-CE63-42AF-82A2-3DFFEA664C26}"
EndProject
Project("{2150E333-8FDC-42A3-9474-1A3956D46DE8}") = "ParsePowerShell", "ParsePowerShell", "{B1A0D30C-1008-4DA4-A7D4-9E8150333EBF}"
EndProject
Project("{FAE04EC0-301F-11D3-BF4B-00C04F79EFBC}") = "ParseXML", "SCCM\Servicos\ParsePowerShell\ParseXML\ParseXML.csproj", "{5A7D4CDF-51D3-4F75-804E-34C598E24163}"
EndProject
Project("{FAE04EC0-301F-11D3-BF4B-00C04F79EFBC}") = "SCCM.WindowsService.PowerShellExecucao", "SCCM\Servicos\SCCM.WindowsService.PowerShellExecucao\SCCM.WindowsService.PowerShellExecucao.csproj", "{6405D498-A37A-4FB7-BB1C-02BD673428B0}"
EndProject
Project("{FAE04EC0-301F-11D3-BF4B-00C04F79EFBC}") = "SCCM.WindowsService.Testes", "SCCM\Servicos\SCCM.WindowsService.Testes\SCCM.WindowsService.Testes.csproj", "{8811E2A5-85AC-4516-AFA1-78F573886D92}"
EndProject
Project("{2150E333-8FDC-42A3-9474-1A3956D46DE8}") = "PowerShellResult", "PowerShellResult", "{32022B5D-9883-45C9-A4B5-B177CE198761}"
EndProject
Project("{FAE04EC0-301F-11D3-BF4B-00C04F79EFBC}") = "JsonResult", "SCCM\Servicos\PowerShellResult\JsonResult\JsonResult.csproj", "{8E4948C1-8681-4B0D-AB67-7C931FC0C21C}"
EndProject
Project("{FAE04EC0-301F-11D3-BF4B-00C04F79EFBC}") = "XMLResult", "SCCM\Servicos\PowerShellResult\XMLResult\XMLResult.csproj", "{67EB0CDC-11A4-4579-AA96-8DB284E03B94}"
EndProject
Project("{FAE04EC0-301F-11D3-BF4B-00C04F79EFBC}") = "SCCM.WindowsService.PowerShellResult", "SCCM\Servicos\SCCM.WindowsService.PowerShellResult\SCCM.WindowsService.PowerShellResult.csproj", "{FF23CE87-8023-4C25-BCEB-C192AE6FB4FD}"
EndProject
Project("{2150E333-8FDC-42A3-9474-1A3956D46DE8}") = "API", "API", "{51C26CCF-8144-44B7-BE9B-9C18A3C0CE49}"
EndProject
Project("{FAE04EC0-301F-11D3-BF4B-00C04F79EFBC}") = "SCCM.API.Infraestrutura", "SCCM\API\SCCM.API.Infraestrutura\SCCM.API.Infraestrutura.csproj", "{09176F36-1353-4998-BA4E-ECD313BAB8B9}"
EndProject
Project("{FAE04EC0-301F-11D3-BF4B-00C04F79EFBC}") = "SCCM.API.Avaiable", "SCCM\API\SCCM.API.Avaiable\SCCM.API.Avaiable.csproj", "{0F7FFB7E-6CC8-42A6-9E35-AEF2960D5EF0}"
EndProject
Project("{FAE04EC0-301F-11D3-BF4B-00C04F79EFBC}") = "SCCM.Servico.Helper", "SCCM\Servicos\SCCM.Servico.Helper\SCCM.Servico.Helper.csproj", "{C0671A55-EB5E-43CC-9AC4-97DB299CC49D}"
EndProject
Project("{FAE04EC0-301F-11D3-BF4B-00C04F79EFBC}") = "SCCM.Servico.Dominio", "SCCM\Servicos\SCCM.Servico.Dominio\SCCM.Servico.Dominio.csproj", "{6E08D172-49C3-4449-928C-D1722DCF68DC}"
EndProject
Project("{54435603-DBB4-11D2-8724-00A0C9A8B90C}") = "SCCM.Setup.PowerShellExecucao", "SCCM\Servicos\SCCM.Setup.PowerShellExecucao\SCCM.Setup.PowerShellExecucao.vdproj", "{EEF6BFAB-6AB3-4E70-9CD3-12091DC4443A}"
EndProject
Project("{54435603-DBB4-11D2-8724-00A0C9A8B90C}") = "SCCM.Setup.PowerShellResult", "SCCM\Servicos\SCCM.Setup.PowerShellResult\SCCM.Setup.PowerShellResult.vdproj", "{8A5226A7-105D-4750-BF09-5DBA3F824412}"
EndProject
Project("{FAE04EC0-301F-11D3-BF4B-00C04F79EFBC}") = "ADWeb.API", "AD\ADWeb.API\ADWeb.API.csproj", "{3197E46D-3A2C-47BF-82F5-F341C4CB1343}"
EndProject
Project("{FAE04EC0-301F-11D3-BF4B-00C04F79EFBC}") = "SCCMWeb.API", "SCCM\SCCMWeb.API\SCCMWeb.API.csproj", "{BA5D126F-D8CB-41E4-9DEE-580699421412}"
EndProject
Project("{FAE04EC0-301F-11D3-BF4B-00C04F79EFBC}") = "SCCMWebNoAuth.API", "SCCM\SCCMWebNoAuth.API\SCCMWebNoAuth.API.csproj", "{9ED42A47-CDD2-4342-9F3E-B62718EB2D9E}"
EndProject
Project("{2150E333-8FDC-42A3-9474-1A3956D46DE8}") = "App", "App", "{81C02CB5-0D88-4DC5-ABFD-9176DC34C542}"
EndProject
Project("{2150E333-8FDC-42A3-9474-1A3956D46DE8}") = "Cliente", "Cliente", "{14C052C6-B6B5-4B45-A36D-13211C62003F}"
EndProject
Project("{FAE04EC0-301F-11D3-BF4B-00C04F79EFBC}") = "SCCM.App.Cliente", "SCCM\App\Cliente\SCCM.App.Cliente\SCCM.App.Cliente.csproj", "{B86C57D3-B43C-4DAB-A4DD-D2B85A8ED71A}"
EndProject
Project("{FAE04EC0-301F-11D3-BF4B-00C04F79EFBC}") = "SCCM.App.Testes", "SCCM\App\Cliente\SCCM.App.Testes\SCCM.App.Testes.csproj", "{440907B1-83D7-4C73-9974-85D80A7CC7F2}"
EndProject
Project("{FAE04EC0-301F-11D3-BF4B-00C04F79EFBC}") = "SCCM.App.Dominio", "SCCM\App\Cliente\SCCM.App.Dominio\SCCM.App.Dominio.csproj", "{F950C23A-AEE9-4917-BA88-E03A6B9A231F}"
EndProject
Project("{FAE04EC0-301F-11D3-BF4B-00C04F79EFBC}") = "SCCM.App.Protocolo", "SCCM\App\Cliente\SCCM.App.Protocolo\SCCM.App.Protocolo.csproj", "{8D44839A-D4FA-43E6-AC81-980D2F2D7B26}"
EndProject
Project("{FAE04EC0-301F-11D3-BF4B-00C04F79EFBC}") = "SCCM.App.PowerShell", "SCCM\App\Cliente\SCCM.App.PowerShell\SCCM.App.PowerShell.csproj", "{280996B7-850E-430F-9307-40B64E410B15}"
EndProject
Project("{FAE04EC0-301F-11D3-BF4B-00C04F79EFBC}") = "SCCM.App.Helper", "SCCM\App\Cliente\SCCM.App.Helper\SCCM.App.Helper.csproj", "{8CE73CF9-CB5E-4603-AF00-1B992FF7DC05}"
EndProject
Project("{2150E333-8FDC-42A3-9474-1A3956D46DE8}") = "Log", "Log", "{7F045F9E-7F5A-4BC8-BCE9-6B40C441146F}"
EndProject
Project("{FAE04EC0-301F-11D3-BF4B-00C04F79EFBC}") = "SCCMApi.Log.Dominio", "Log\MyBranch.Log.Dominio\SCCMApi.Log.Dominio.csproj", "{01FAC286-33FB-43AE-9BAE-E4489231292A}"
EndProject
Project("{FAE04EC0-301F-11D3-BF4B-00C04F79EFBC}") = "SCCMApi.Log.Factory", "Log\MyBranch.Log.Factory\SCCMApi.Log.Factory.csproj", "{E399383C-72AB-40EF-A5CB-C1A91747ED41}"
EndProject
Project("{2150E333-8FDC-42A3-9474-1A3956D46DE8}") = "AssemblyLog", "AssemblyLog", "{B05A4B3A-68B7-4E8E-9B6C-7A8D695CAE24}"
EndProject
Project("{FAE04EC0-301F-11D3-BF4B-00C04F79EFBC}") = "SCCMApi.LogNet", "Log\AssemblyLog\MyBranch.LogNet\SCCMApi.LogNet.csproj", "{9936188F-06A7-4DEA-8F5A-AFC3172D5441}"
EndProject
Project("{FAE04EC0-301F-11D3-BF4B-00C04F79EFBC}") = "SCCMApi.LogTexto", "Log\AssemblyLog\MyBranch.LogTexto\SCCMApi.LogTexto.csproj", "{600433A9-581C-4094-8CD1-A9017B35468D}"
EndProject
Project("{54435603-DBB4-11D2-8724-00A0C9A8B90C}") = "SCCM.Protocolo.Setup", "SCCM\App\Cliente\SCCM.Protocolo.Setup\SCCM.Protocolo.Setup.vdproj", "{385E8CA5-9EA4-4FE6-9142-077F632B3F8B}"
EndProject
Project("{FAE04EC0-301F-11D3-BF4B-00C04F79EFBC}") = "SCCMApi.LogEmail", "Log\AssemblyLog\MyBranch.LogEmail\SCCMApi.LogEmail.csproj", "{F01EFD94-17D8-4DDB-A0F0-1A28449683ED}"
EndProject
Project("{FAE04EC0-301F-11D3-BF4B-00C04F79EFBC}") = "SCCM.Servico.PowerShell.Infra", "SCCM\Servicos\SCCM.Servico.PowerShell.Infra\SCCM.Servico.PowerShell.Infra.csproj", "{E42D119A-ABD7-4BAF-84ED-182D483649D2}"
EndProject
Project("{FAE04EC0-301F-11D3-BF4B-00C04F79EFBC}") = "SCCM.Servico.Contratos", "SCCM\Servicos\SCCM.Servico.Contratos\SCCM.Servico.Contratos.csproj", "{201E3D5F-3DF5-4682-BF40-0AE0393D6ACE}"
EndProject
Global
	GlobalSection(SolutionConfigurationPlatforms) = preSolution
		Debug|Any CPU = Debug|Any CPU
		Release|Any CPU = Release|Any CPU
	EndGlobalSection
	GlobalSection(ProjectConfigurationPlatforms) = postSolution
		{2342FC3E-2267-4AEB-831E-FF1A0052B866}.Debug|Any CPU.ActiveCfg = Debug|Any CPU
		{2342FC3E-2267-4AEB-831E-FF1A0052B866}.Debug|Any CPU.Build.0 = Debug|Any CPU
		{2342FC3E-2267-4AEB-831E-FF1A0052B866}.Release|Any CPU.ActiveCfg = Release|Any CPU
		{2342FC3E-2267-4AEB-831E-FF1A0052B866}.Release|Any CPU.Build.0 = Release|Any CPU
		{43025B45-3386-44CB-9A51-D5A0B638F97C}.Debug|Any CPU.ActiveCfg = Debug|Any CPU
		{43025B45-3386-44CB-9A51-D5A0B638F97C}.Debug|Any CPU.Build.0 = Debug|Any CPU
		{43025B45-3386-44CB-9A51-D5A0B638F97C}.Release|Any CPU.ActiveCfg = Release|Any CPU
		{43025B45-3386-44CB-9A51-D5A0B638F97C}.Release|Any CPU.Build.0 = Release|Any CPU
		{D97F2057-CAE8-42AD-AF47-43273E86C394}.Debug|Any CPU.ActiveCfg = Debug|Any CPU
		{D97F2057-CAE8-42AD-AF47-43273E86C394}.Debug|Any CPU.Build.0 = Debug|Any CPU
		{D97F2057-CAE8-42AD-AF47-43273E86C394}.Release|Any CPU.ActiveCfg = Release|Any CPU
		{D97F2057-CAE8-42AD-AF47-43273E86C394}.Release|Any CPU.Build.0 = Release|Any CPU
		{C30D133E-92DC-425A-86E5-D6DF34152645}.Debug|Any CPU.ActiveCfg = Debug|Any CPU
		{C30D133E-92DC-425A-86E5-D6DF34152645}.Debug|Any CPU.Build.0 = Debug|Any CPU
		{C30D133E-92DC-425A-86E5-D6DF34152645}.Release|Any CPU.ActiveCfg = Release|Any CPU
		{C30D133E-92DC-425A-86E5-D6DF34152645}.Release|Any CPU.Build.0 = Release|Any CPU
		{28C23C0B-266D-47AD-B1EC-5FE28E20BC01}.Debug|Any CPU.ActiveCfg = Debug|Any CPU
		{28C23C0B-266D-47AD-B1EC-5FE28E20BC01}.Debug|Any CPU.Build.0 = Debug|Any CPU
		{28C23C0B-266D-47AD-B1EC-5FE28E20BC01}.Release|Any CPU.ActiveCfg = Release|Any CPU
		{28C23C0B-266D-47AD-B1EC-5FE28E20BC01}.Release|Any CPU.Build.0 = Release|Any CPU
		{09692903-70FE-4691-8DE5-22A7B7027A31}.Debug|Any CPU.ActiveCfg = Debug|Any CPU
		{09692903-70FE-4691-8DE5-22A7B7027A31}.Debug|Any CPU.Build.0 = Debug|Any CPU
		{09692903-70FE-4691-8DE5-22A7B7027A31}.Release|Any CPU.ActiveCfg = Release|Any CPU
		{09692903-70FE-4691-8DE5-22A7B7027A31}.Release|Any CPU.Build.0 = Release|Any CPU
		{E8997694-E0E5-40E1-BCDC-228900C851A1}.Debug|Any CPU.ActiveCfg = Debug|Any CPU
		{E8997694-E0E5-40E1-BCDC-228900C851A1}.Debug|Any CPU.Build.0 = Debug|Any CPU
		{E8997694-E0E5-40E1-BCDC-228900C851A1}.Release|Any CPU.ActiveCfg = Release|Any CPU
		{E8997694-E0E5-40E1-BCDC-228900C851A1}.Release|Any CPU.Build.0 = Release|Any CPU
		{5E9A1EDE-4D98-4F1E-8E29-D8FE8227001A}.Debug|Any CPU.ActiveCfg = Debug|Any CPU
		{5E9A1EDE-4D98-4F1E-8E29-D8FE8227001A}.Debug|Any CPU.Build.0 = Debug|Any CPU
		{5E9A1EDE-4D98-4F1E-8E29-D8FE8227001A}.Release|Any CPU.ActiveCfg = Release|Any CPU
		{5E9A1EDE-4D98-4F1E-8E29-D8FE8227001A}.Release|Any CPU.Build.0 = Release|Any CPU
		{7B4C1DF3-5871-4353-8E20-1AF87BF2EF35}.Debug|Any CPU.ActiveCfg = Debug|Any CPU
		{7B4C1DF3-5871-4353-8E20-1AF87BF2EF35}.Debug|Any CPU.Build.0 = Debug|Any CPU
		{7B4C1DF3-5871-4353-8E20-1AF87BF2EF35}.Release|Any CPU.ActiveCfg = Release|Any CPU
		{7B4C1DF3-5871-4353-8E20-1AF87BF2EF35}.Release|Any CPU.Build.0 = Release|Any CPU
		{8B4C58B7-BE77-49F8-8E45-490E4DABA8CF}.Debug|Any CPU.ActiveCfg = Debug|Any CPU
		{8B4C58B7-BE77-49F8-8E45-490E4DABA8CF}.Debug|Any CPU.Build.0 = Debug|Any CPU
		{8B4C58B7-BE77-49F8-8E45-490E4DABA8CF}.Release|Any CPU.ActiveCfg = Release|Any CPU
		{8B4C58B7-BE77-49F8-8E45-490E4DABA8CF}.Release|Any CPU.Build.0 = Release|Any CPU
		{82BF3DAC-4574-4E13-97A6-229C31915BB2}.Debug|Any CPU.ActiveCfg = Debug|Any CPU
		{82BF3DAC-4574-4E13-97A6-229C31915BB2}.Debug|Any CPU.Build.0 = Debug|Any CPU
		{82BF3DAC-4574-4E13-97A6-229C31915BB2}.Release|Any CPU.ActiveCfg = Release|Any CPU
		{82BF3DAC-4574-4E13-97A6-229C31915BB2}.Release|Any CPU.Build.0 = Release|Any CPU
		{23A2E3C3-1E28-4C08-9685-828074D56CC2}.Debug|Any CPU.ActiveCfg = Debug|Any CPU
		{23A2E3C3-1E28-4C08-9685-828074D56CC2}.Debug|Any CPU.Build.0 = Debug|Any CPU
		{23A2E3C3-1E28-4C08-9685-828074D56CC2}.Release|Any CPU.ActiveCfg = Release|Any CPU
		{23A2E3C3-1E28-4C08-9685-828074D56CC2}.Release|Any CPU.Build.0 = Release|Any CPU
		{C6489027-44B9-4217-9B7E-214046631A3B}.Debug|Any CPU.ActiveCfg = Debug|Any CPU
		{C6489027-44B9-4217-9B7E-214046631A3B}.Debug|Any CPU.Build.0 = Debug|Any CPU
		{C6489027-44B9-4217-9B7E-214046631A3B}.Release|Any CPU.ActiveCfg = Release|Any CPU
		{C6489027-44B9-4217-9B7E-214046631A3B}.Release|Any CPU.Build.0 = Release|Any CPU
		{848B7D86-8246-40C6-BE83-68582E5B6013}.Debug|Any CPU.ActiveCfg = Debug|Any CPU
		{848B7D86-8246-40C6-BE83-68582E5B6013}.Debug|Any CPU.Build.0 = Debug|Any CPU
		{848B7D86-8246-40C6-BE83-68582E5B6013}.Release|Any CPU.ActiveCfg = Release|Any CPU
		{848B7D86-8246-40C6-BE83-68582E5B6013}.Release|Any CPU.Build.0 = Release|Any CPU
		{7D550CFF-FD54-4409-801B-FABADABA1D5A}.Debug|Any CPU.ActiveCfg = Debug|Any CPU
		{7D550CFF-FD54-4409-801B-FABADABA1D5A}.Debug|Any CPU.Build.0 = Debug|Any CPU
		{7D550CFF-FD54-4409-801B-FABADABA1D5A}.Release|Any CPU.ActiveCfg = Release|Any CPU
		{7D550CFF-FD54-4409-801B-FABADABA1D5A}.Release|Any CPU.Build.0 = Release|Any CPU
		{3CED7667-99A4-4955-8EDA-56D6136EFF1D}.Debug|Any CPU.ActiveCfg = Debug
		{3CED7667-99A4-4955-8EDA-56D6136EFF1D}.Release|Any CPU.ActiveCfg = Release
		{3FD5A8F1-CE63-42AF-82A2-3DFFEA664C26}.Debug|Any CPU.ActiveCfg = Debug|Any CPU
		{3FD5A8F1-CE63-42AF-82A2-3DFFEA664C26}.Debug|Any CPU.Build.0 = Debug|Any CPU
		{3FD5A8F1-CE63-42AF-82A2-3DFFEA664C26}.Release|Any CPU.ActiveCfg = Release|Any CPU
		{3FD5A8F1-CE63-42AF-82A2-3DFFEA664C26}.Release|Any CPU.Build.0 = Release|Any CPU
		{5A7D4CDF-51D3-4F75-804E-34C598E24163}.Debug|Any CPU.ActiveCfg = Debug|Any CPU
		{5A7D4CDF-51D3-4F75-804E-34C598E24163}.Debug|Any CPU.Build.0 = Debug|Any CPU
		{5A7D4CDF-51D3-4F75-804E-34C598E24163}.Release|Any CPU.ActiveCfg = Release|Any CPU
		{5A7D4CDF-51D3-4F75-804E-34C598E24163}.Release|Any CPU.Build.0 = Release|Any CPU
		{6405D498-A37A-4FB7-BB1C-02BD673428B0}.Debug|Any CPU.ActiveCfg = Debug|Any CPU
		{6405D498-A37A-4FB7-BB1C-02BD673428B0}.Debug|Any CPU.Build.0 = Debug|Any CPU
		{6405D498-A37A-4FB7-BB1C-02BD673428B0}.Release|Any CPU.ActiveCfg = Release|Any CPU
		{6405D498-A37A-4FB7-BB1C-02BD673428B0}.Release|Any CPU.Build.0 = Release|Any CPU
		{8811E2A5-85AC-4516-AFA1-78F573886D92}.Debug|Any CPU.ActiveCfg = Debug|Any CPU
		{8811E2A5-85AC-4516-AFA1-78F573886D92}.Debug|Any CPU.Build.0 = Debug|Any CPU
		{8811E2A5-85AC-4516-AFA1-78F573886D92}.Release|Any CPU.ActiveCfg = Release|Any CPU
		{8811E2A5-85AC-4516-AFA1-78F573886D92}.Release|Any CPU.Build.0 = Release|Any CPU
		{8E4948C1-8681-4B0D-AB67-7C931FC0C21C}.Debug|Any CPU.ActiveCfg = Debug|Any CPU
		{8E4948C1-8681-4B0D-AB67-7C931FC0C21C}.Debug|Any CPU.Build.0 = Debug|Any CPU
		{8E4948C1-8681-4B0D-AB67-7C931FC0C21C}.Release|Any CPU.ActiveCfg = Release|Any CPU
		{8E4948C1-8681-4B0D-AB67-7C931FC0C21C}.Release|Any CPU.Build.0 = Release|Any CPU
		{67EB0CDC-11A4-4579-AA96-8DB284E03B94}.Debug|Any CPU.ActiveCfg = Debug|Any CPU
		{67EB0CDC-11A4-4579-AA96-8DB284E03B94}.Debug|Any CPU.Build.0 = Debug|Any CPU
		{67EB0CDC-11A4-4579-AA96-8DB284E03B94}.Release|Any CPU.ActiveCfg = Release|Any CPU
		{67EB0CDC-11A4-4579-AA96-8DB284E03B94}.Release|Any CPU.Build.0 = Release|Any CPU
		{FF23CE87-8023-4C25-BCEB-C192AE6FB4FD}.Debug|Any CPU.ActiveCfg = Debug|Any CPU
		{FF23CE87-8023-4C25-BCEB-C192AE6FB4FD}.Debug|Any CPU.Build.0 = Debug|Any CPU
		{FF23CE87-8023-4C25-BCEB-C192AE6FB4FD}.Release|Any CPU.ActiveCfg = Release|Any CPU
		{FF23CE87-8023-4C25-BCEB-C192AE6FB4FD}.Release|Any CPU.Build.0 = Release|Any CPU
		{09176F36-1353-4998-BA4E-ECD313BAB8B9}.Debug|Any CPU.ActiveCfg = Debug|Any CPU
		{09176F36-1353-4998-BA4E-ECD313BAB8B9}.Debug|Any CPU.Build.0 = Debug|Any CPU
		{09176F36-1353-4998-BA4E-ECD313BAB8B9}.Release|Any CPU.ActiveCfg = Release|Any CPU
		{09176F36-1353-4998-BA4E-ECD313BAB8B9}.Release|Any CPU.Build.0 = Release|Any CPU
		{0F7FFB7E-6CC8-42A6-9E35-AEF2960D5EF0}.Debug|Any CPU.ActiveCfg = Debug|Any CPU
		{0F7FFB7E-6CC8-42A6-9E35-AEF2960D5EF0}.Debug|Any CPU.Build.0 = Debug|Any CPU
		{0F7FFB7E-6CC8-42A6-9E35-AEF2960D5EF0}.Release|Any CPU.ActiveCfg = Release|Any CPU
		{0F7FFB7E-6CC8-42A6-9E35-AEF2960D5EF0}.Release|Any CPU.Build.0 = Release|Any CPU
		{C0671A55-EB5E-43CC-9AC4-97DB299CC49D}.Debug|Any CPU.ActiveCfg = Debug|Any CPU
		{C0671A55-EB5E-43CC-9AC4-97DB299CC49D}.Debug|Any CPU.Build.0 = Debug|Any CPU
		{C0671A55-EB5E-43CC-9AC4-97DB299CC49D}.Release|Any CPU.ActiveCfg = Release|Any CPU
		{C0671A55-EB5E-43CC-9AC4-97DB299CC49D}.Release|Any CPU.Build.0 = Release|Any CPU
		{6E08D172-49C3-4449-928C-D1722DCF68DC}.Debug|Any CPU.ActiveCfg = Debug|Any CPU
		{6E08D172-49C3-4449-928C-D1722DCF68DC}.Debug|Any CPU.Build.0 = Debug|Any CPU
		{6E08D172-49C3-4449-928C-D1722DCF68DC}.Release|Any CPU.ActiveCfg = Release|Any CPU
		{6E08D172-49C3-4449-928C-D1722DCF68DC}.Release|Any CPU.Build.0 = Release|Any CPU
		{EEF6BFAB-6AB3-4E70-9CD3-12091DC4443A}.Debug|Any CPU.ActiveCfg = Debug
		{EEF6BFAB-6AB3-4E70-9CD3-12091DC4443A}.Debug|Any CPU.Build.0 = Debug
		{EEF6BFAB-6AB3-4E70-9CD3-12091DC4443A}.Release|Any CPU.ActiveCfg = Release
		{EEF6BFAB-6AB3-4E70-9CD3-12091DC4443A}.Release|Any CPU.Build.0 = Release
		{8A5226A7-105D-4750-BF09-5DBA3F824412}.Debug|Any CPU.ActiveCfg = Debug
		{8A5226A7-105D-4750-BF09-5DBA3F824412}.Release|Any CPU.ActiveCfg = Release
		{3197E46D-3A2C-47BF-82F5-F341C4CB1343}.Debug|Any CPU.ActiveCfg = Debug|Any CPU
		{3197E46D-3A2C-47BF-82F5-F341C4CB1343}.Debug|Any CPU.Build.0 = Debug|Any CPU
		{3197E46D-3A2C-47BF-82F5-F341C4CB1343}.Release|Any CPU.ActiveCfg = Release|Any CPU
		{3197E46D-3A2C-47BF-82F5-F341C4CB1343}.Release|Any CPU.Build.0 = Release|Any CPU
		{BA5D126F-D8CB-41E4-9DEE-580699421412}.Debug|Any CPU.ActiveCfg = Debug|Any CPU
		{BA5D126F-D8CB-41E4-9DEE-580699421412}.Debug|Any CPU.Build.0 = Debug|Any CPU
		{BA5D126F-D8CB-41E4-9DEE-580699421412}.Release|Any CPU.ActiveCfg = Release|Any CPU
		{BA5D126F-D8CB-41E4-9DEE-580699421412}.Release|Any CPU.Build.0 = Release|Any CPU
		{9ED42A47-CDD2-4342-9F3E-B62718EB2D9E}.Debug|Any CPU.ActiveCfg = Debug|Any CPU
		{9ED42A47-CDD2-4342-9F3E-B62718EB2D9E}.Debug|Any CPU.Build.0 = Debug|Any CPU
		{9ED42A47-CDD2-4342-9F3E-B62718EB2D9E}.Release|Any CPU.ActiveCfg = Release|Any CPU
		{9ED42A47-CDD2-4342-9F3E-B62718EB2D9E}.Release|Any CPU.Build.0 = Release|Any CPU
		{B86C57D3-B43C-4DAB-A4DD-D2B85A8ED71A}.Debug|Any CPU.ActiveCfg = Debug|Any CPU
		{B86C57D3-B43C-4DAB-A4DD-D2B85A8ED71A}.Debug|Any CPU.Build.0 = Debug|Any CPU
		{B86C57D3-B43C-4DAB-A4DD-D2B85A8ED71A}.Release|Any CPU.ActiveCfg = Release|Any CPU
		{B86C57D3-B43C-4DAB-A4DD-D2B85A8ED71A}.Release|Any CPU.Build.0 = Release|Any CPU
		{440907B1-83D7-4C73-9974-85D80A7CC7F2}.Debug|Any CPU.ActiveCfg = Debug|Any CPU
		{440907B1-83D7-4C73-9974-85D80A7CC7F2}.Debug|Any CPU.Build.0 = Debug|Any CPU
		{440907B1-83D7-4C73-9974-85D80A7CC7F2}.Release|Any CPU.ActiveCfg = Release|Any CPU
		{440907B1-83D7-4C73-9974-85D80A7CC7F2}.Release|Any CPU.Build.0 = Release|Any CPU
		{F950C23A-AEE9-4917-BA88-E03A6B9A231F}.Debug|Any CPU.ActiveCfg = Debug|Any CPU
		{F950C23A-AEE9-4917-BA88-E03A6B9A231F}.Debug|Any CPU.Build.0 = Debug|Any CPU
		{F950C23A-AEE9-4917-BA88-E03A6B9A231F}.Release|Any CPU.ActiveCfg = Release|Any CPU
		{F950C23A-AEE9-4917-BA88-E03A6B9A231F}.Release|Any CPU.Build.0 = Release|Any CPU
		{8D44839A-D4FA-43E6-AC81-980D2F2D7B26}.Debug|Any CPU.ActiveCfg = Debug|Any CPU
		{8D44839A-D4FA-43E6-AC81-980D2F2D7B26}.Debug|Any CPU.Build.0 = Debug|Any CPU
		{8D44839A-D4FA-43E6-AC81-980D2F2D7B26}.Release|Any CPU.ActiveCfg = Release|Any CPU
		{8D44839A-D4FA-43E6-AC81-980D2F2D7B26}.Release|Any CPU.Build.0 = Release|Any CPU
		{280996B7-850E-430F-9307-40B64E410B15}.Debug|Any CPU.ActiveCfg = Debug|Any CPU
		{280996B7-850E-430F-9307-40B64E410B15}.Debug|Any CPU.Build.0 = Debug|Any CPU
		{280996B7-850E-430F-9307-40B64E410B15}.Release|Any CPU.ActiveCfg = Release|Any CPU
		{280996B7-850E-430F-9307-40B64E410B15}.Release|Any CPU.Build.0 = Release|Any CPU
		{8CE73CF9-CB5E-4603-AF00-1B992FF7DC05}.Debug|Any CPU.ActiveCfg = Debug|Any CPU
		{8CE73CF9-CB5E-4603-AF00-1B992FF7DC05}.Debug|Any CPU.Build.0 = Debug|Any CPU
		{8CE73CF9-CB5E-4603-AF00-1B992FF7DC05}.Release|Any CPU.ActiveCfg = Release|Any CPU
		{8CE73CF9-CB5E-4603-AF00-1B992FF7DC05}.Release|Any CPU.Build.0 = Release|Any CPU
		{01FAC286-33FB-43AE-9BAE-E4489231292A}.Debug|Any CPU.ActiveCfg = Debug|Any CPU
		{01FAC286-33FB-43AE-9BAE-E4489231292A}.Debug|Any CPU.Build.0 = Debug|Any CPU
		{01FAC286-33FB-43AE-9BAE-E4489231292A}.Release|Any CPU.ActiveCfg = Release|Any CPU
		{01FAC286-33FB-43AE-9BAE-E4489231292A}.Release|Any CPU.Build.0 = Release|Any CPU
		{E399383C-72AB-40EF-A5CB-C1A91747ED41}.Debug|Any CPU.ActiveCfg = Debug|Any CPU
		{E399383C-72AB-40EF-A5CB-C1A91747ED41}.Debug|Any CPU.Build.0 = Debug|Any CPU
		{E399383C-72AB-40EF-A5CB-C1A91747ED41}.Release|Any CPU.ActiveCfg = Release|Any CPU
		{E399383C-72AB-40EF-A5CB-C1A91747ED41}.Release|Any CPU.Build.0 = Release|Any CPU
		{9936188F-06A7-4DEA-8F5A-AFC3172D5441}.Debug|Any CPU.ActiveCfg = Debug|Any CPU
		{9936188F-06A7-4DEA-8F5A-AFC3172D5441}.Debug|Any CPU.Build.0 = Debug|Any CPU
		{9936188F-06A7-4DEA-8F5A-AFC3172D5441}.Release|Any CPU.ActiveCfg = Release|Any CPU
		{9936188F-06A7-4DEA-8F5A-AFC3172D5441}.Release|Any CPU.Build.0 = Release|Any CPU
		{600433A9-581C-4094-8CD1-A9017B35468D}.Debug|Any CPU.ActiveCfg = Debug|Any CPU
		{600433A9-581C-4094-8CD1-A9017B35468D}.Debug|Any CPU.Build.0 = Debug|Any CPU
		{600433A9-581C-4094-8CD1-A9017B35468D}.Release|Any CPU.ActiveCfg = Release|Any CPU
		{600433A9-581C-4094-8CD1-A9017B35468D}.Release|Any CPU.Build.0 = Release|Any CPU
		{385E8CA5-9EA4-4FE6-9142-077F632B3F8B}.Debug|Any CPU.ActiveCfg = Debug
		{385E8CA5-9EA4-4FE6-9142-077F632B3F8B}.Release|Any CPU.ActiveCfg = Release
		{F01EFD94-17D8-4DDB-A0F0-1A28449683ED}.Debug|Any CPU.ActiveCfg = Debug|Any CPU
		{F01EFD94-17D8-4DDB-A0F0-1A28449683ED}.Debug|Any CPU.Build.0 = Debug|Any CPU
		{F01EFD94-17D8-4DDB-A0F0-1A28449683ED}.Release|Any CPU.ActiveCfg = Release|Any CPU
		{F01EFD94-17D8-4DDB-A0F0-1A28449683ED}.Release|Any CPU.Build.0 = Release|Any CPU
		{E42D119A-ABD7-4BAF-84ED-182D483649D2}.Debug|Any CPU.ActiveCfg = Debug|Any CPU
		{E42D119A-ABD7-4BAF-84ED-182D483649D2}.Debug|Any CPU.Build.0 = Debug|Any CPU
		{E42D119A-ABD7-4BAF-84ED-182D483649D2}.Release|Any CPU.ActiveCfg = Release|Any CPU
		{E42D119A-ABD7-4BAF-84ED-182D483649D2}.Release|Any CPU.Build.0 = Release|Any CPU
		{201E3D5F-3DF5-4682-BF40-0AE0393D6ACE}.Debug|Any CPU.ActiveCfg = Debug|Any CPU
		{201E3D5F-3DF5-4682-BF40-0AE0393D6ACE}.Debug|Any CPU.Build.0 = Debug|Any CPU
		{201E3D5F-3DF5-4682-BF40-0AE0393D6ACE}.Release|Any CPU.ActiveCfg = Release|Any CPU
		{201E3D5F-3DF5-4682-BF40-0AE0393D6ACE}.Release|Any CPU.Build.0 = Release|Any CPU
	EndGlobalSection
	GlobalSection(SolutionProperties) = preSolution
		HideSolutionNode = FALSE
	EndGlobalSection
	GlobalSection(NestedProjects) = preSolution
		{3CCD3857-59CA-412C-AD58-3BF5C29940AA} = {FCE051A0-8BB0-4D67-A4AA-41D8332AAD97}
		{2342FC3E-2267-4AEB-831E-FF1A0052B866} = {FCE051A0-8BB0-4D67-A4AA-41D8332AAD97}
		{43025B45-3386-44CB-9A51-D5A0B638F97C} = {FCE051A0-8BB0-4D67-A4AA-41D8332AAD97}
		{D97F2057-CAE8-42AD-AF47-43273E86C394} = {FCE051A0-8BB0-4D67-A4AA-41D8332AAD97}
		{C30D133E-92DC-425A-86E5-D6DF34152645} = {3CCD3857-59CA-412C-AD58-3BF5C29940AA}
		{28C23C0B-266D-47AD-B1EC-5FE28E20BC01} = {3CCD3857-59CA-412C-AD58-3BF5C29940AA}
		{09692903-70FE-4691-8DE5-22A7B7027A31} = {3CCD3857-59CA-412C-AD58-3BF5C29940AA}
		{E8997694-E0E5-40E1-BCDC-228900C851A1} = {3CCD3857-59CA-412C-AD58-3BF5C29940AA}
		{5E9A1EDE-4D98-4F1E-8E29-D8FE8227001A} = {FCE051A0-8BB0-4D67-A4AA-41D8332AAD97}
		{7B4C1DF3-5871-4353-8E20-1AF87BF2EF35} = {FCE051A0-8BB0-4D67-A4AA-41D8332AAD97}
		{8B4C58B7-BE77-49F8-8E45-490E4DABA8CF} = {FCE051A0-8BB0-4D67-A4AA-41D8332AAD97}
		{82BF3DAC-4574-4E13-97A6-229C31915BB2} = {DA3369F6-1F41-4804-86DA-5DBFBBE23B63}
		{C6489027-44B9-4217-9B7E-214046631A3B} = {DA3369F6-1F41-4804-86DA-5DBFBBE23B63}
		{848B7D86-8246-40C6-BE83-68582E5B6013} = {DA3369F6-1F41-4804-86DA-5DBFBBE23B63}
		{7D550CFF-FD54-4409-801B-FABADABA1D5A} = {DA3369F6-1F41-4804-86DA-5DBFBBE23B63}
		{31567C58-8FF5-4725-8191-F35B894B7778} = {FCE051A0-8BB0-4D67-A4AA-41D8332AAD97}
		{3CED7667-99A4-4955-8EDA-56D6136EFF1D} = {31567C58-8FF5-4725-8191-F35B894B7778}
		{3FD5A8F1-CE63-42AF-82A2-3DFFEA664C26} = {31567C58-8FF5-4725-8191-F35B894B7778}
		{B1A0D30C-1008-4DA4-A7D4-9E8150333EBF} = {31567C58-8FF5-4725-8191-F35B894B7778}
		{5A7D4CDF-51D3-4F75-804E-34C598E24163} = {B1A0D30C-1008-4DA4-A7D4-9E8150333EBF}
		{6405D498-A37A-4FB7-BB1C-02BD673428B0} = {31567C58-8FF5-4725-8191-F35B894B7778}
		{8811E2A5-85AC-4516-AFA1-78F573886D92} = {31567C58-8FF5-4725-8191-F35B894B7778}
		{32022B5D-9883-45C9-A4B5-B177CE198761} = {31567C58-8FF5-4725-8191-F35B894B7778}
		{8E4948C1-8681-4B0D-AB67-7C931FC0C21C} = {32022B5D-9883-45C9-A4B5-B177CE198761}
		{67EB0CDC-11A4-4579-AA96-8DB284E03B94} = {32022B5D-9883-45C9-A4B5-B177CE198761}
		{FF23CE87-8023-4C25-BCEB-C192AE6FB4FD} = {31567C58-8FF5-4725-8191-F35B894B7778}
		{51C26CCF-8144-44B7-BE9B-9C18A3C0CE49} = {FCE051A0-8BB0-4D67-A4AA-41D8332AAD97}
		{09176F36-1353-4998-BA4E-ECD313BAB8B9} = {51C26CCF-8144-44B7-BE9B-9C18A3C0CE49}
		{0F7FFB7E-6CC8-42A6-9E35-AEF2960D5EF0} = {51C26CCF-8144-44B7-BE9B-9C18A3C0CE49}
		{C0671A55-EB5E-43CC-9AC4-97DB299CC49D} = {31567C58-8FF5-4725-8191-F35B894B7778}
		{6E08D172-49C3-4449-928C-D1722DCF68DC} = {31567C58-8FF5-4725-8191-F35B894B7778}
		{EEF6BFAB-6AB3-4E70-9CD3-12091DC4443A} = {31567C58-8FF5-4725-8191-F35B894B7778}
		{8A5226A7-105D-4750-BF09-5DBA3F824412} = {31567C58-8FF5-4725-8191-F35B894B7778}
		{3197E46D-3A2C-47BF-82F5-F341C4CB1343} = {DA3369F6-1F41-4804-86DA-5DBFBBE23B63}
		{BA5D126F-D8CB-41E4-9DEE-580699421412} = {FCE051A0-8BB0-4D67-A4AA-41D8332AAD97}
		{9ED42A47-CDD2-4342-9F3E-B62718EB2D9E} = {FCE051A0-8BB0-4D67-A4AA-41D8332AAD97}
		{81C02CB5-0D88-4DC5-ABFD-9176DC34C542} = {FCE051A0-8BB0-4D67-A4AA-41D8332AAD97}
		{14C052C6-B6B5-4B45-A36D-13211C62003F} = {81C02CB5-0D88-4DC5-ABFD-9176DC34C542}
		{B86C57D3-B43C-4DAB-A4DD-D2B85A8ED71A} = {14C052C6-B6B5-4B45-A36D-13211C62003F}
		{440907B1-83D7-4C73-9974-85D80A7CC7F2} = {14C052C6-B6B5-4B45-A36D-13211C62003F}
		{F950C23A-AEE9-4917-BA88-E03A6B9A231F} = {14C052C6-B6B5-4B45-A36D-13211C62003F}
		{8D44839A-D4FA-43E6-AC81-980D2F2D7B26} = {14C052C6-B6B5-4B45-A36D-13211C62003F}
		{280996B7-850E-430F-9307-40B64E410B15} = {14C052C6-B6B5-4B45-A36D-13211C62003F}
		{8CE73CF9-CB5E-4603-AF00-1B992FF7DC05} = {14C052C6-B6B5-4B45-A36D-13211C62003F}
		{01FAC286-33FB-43AE-9BAE-E4489231292A} = {7F045F9E-7F5A-4BC8-BCE9-6B40C441146F}
		{E399383C-72AB-40EF-A5CB-C1A91747ED41} = {7F045F9E-7F5A-4BC8-BCE9-6B40C441146F}
		{B05A4B3A-68B7-4E8E-9B6C-7A8D695CAE24} = {7F045F9E-7F5A-4BC8-BCE9-6B40C441146F}
		{9936188F-06A7-4DEA-8F5A-AFC3172D5441} = {B05A4B3A-68B7-4E8E-9B6C-7A8D695CAE24}
		{600433A9-581C-4094-8CD1-A9017B35468D} = {B05A4B3A-68B7-4E8E-9B6C-7A8D695CAE24}
		{385E8CA5-9EA4-4FE6-9142-077F632B3F8B} = {14C052C6-B6B5-4B45-A36D-13211C62003F}
		{F01EFD94-17D8-4DDB-A0F0-1A28449683ED} = {B05A4B3A-68B7-4E8E-9B6C-7A8D695CAE24}
		{E42D119A-ABD7-4BAF-84ED-182D483649D2} = {31567C58-8FF5-4725-8191-F35B894B7778}
		{201E3D5F-3DF5-4682-BF40-0AE0393D6ACE} = {31567C58-8FF5-4725-8191-F35B894B7778}
	EndGlobalSection
	GlobalSection(ExtensibilityGlobals) = postSolution
		SolutionGuid = {7D851E0F-0C9F-4B23-AE08-97F309FE7FFD}
	EndGlobalSection
EndGlobal
